// !$*UTF8*$!
{
	archiveVersion = 1;
	classes = {
	};
	objectVersion = 56;
	objects = {

/* Begin PBXBuildFile section */
		27CDF1DF2B0E9D64006E57C1 /* Backwards.swift in Sources */ = {isa = PBXBuildFile; fileRef = 27CDF1DE2B0E9D64006E57C1 /* Backwards.swift */; };
		DC90FD142B13D6E6008B2412 /* Place.swift in Sources */ = {isa = PBXBuildFile; fileRef = DC90FD132B13D6E6008B2412 /* Place.swift */; };
		DC90FD162B13D736008B2412 /* MKMarkerAnnotationViewRepresentable.swift in Sources */ = {isa = PBXBuildFile; fileRef = DC90FD152B13D736008B2412 /* MKMarkerAnnotationViewRepresentable.swift */; };
		DC90FD182B13D76C008B2412 /* OnMapTapGesture.swift in Sources */ = {isa = PBXBuildFile; fileRef = DC90FD172B13D76C008B2412 /* OnMapTapGesture.swift */; };
		DC90FD1A2B13D78F008B2412 /* ObservableLocationManager.swift in Sources */ = {isa = PBXBuildFile; fileRef = DC90FD192B13D78F008B2412 /* ObservableLocationManager.swift */; };
		DC90FD1C2B13D84D008B2412 /* MapIOS17.swift in Sources */ = {isa = PBXBuildFile; fileRef = DC90FD1B2B13D84D008B2412 /* MapIOS17.swift */; };
		DCD9621D2B0D758B00DC9761 /* MapSandboxApp.swift in Sources */ = {isa = PBXBuildFile; fileRef = DCD9621C2B0D758B00DC9761 /* MapSandboxApp.swift */; };
		DCD9621F2B0D758B00DC9761 /* ContentView.swift in Sources */ = {isa = PBXBuildFile; fileRef = DCD9621E2B0D758B00DC9761 /* ContentView.swift */; };
		DCD962212B0D758E00DC9761 /* Assets.xcassets in Resources */ = {isa = PBXBuildFile; fileRef = DCD962202B0D758E00DC9761 /* Assets.xcassets */; };
		DCD962242B0D758E00DC9761 /* Preview Assets.xcassets in Resources */ = {isa = PBXBuildFile; fileRef = DCD962232B0D758E00DC9761 /* Preview Assets.xcassets */; };
		DCD9622B2B0D8F9C00DC9761 /* File.swift in Sources */ = {isa = PBXBuildFile; fileRef = DCD9622A2B0D8F9C00DC9761 /* File.swift */; };
		DCD9622D2B0D91A300DC9761 /* Clusterable.swift in Sources */ = {isa = PBXBuildFile; fileRef = DCD9622C2B0D91A300DC9761 /* Clusterable.swift */; };
/* End PBXBuildFile section */

/* Begin PBXFileReference section */
		27CDF1DE2B0E9D64006E57C1 /* Backwards.swift */ = {isa = PBXFileReference; lastKnownFileType = sourcecode.swift; path = Backwards.swift; sourceTree = "<group>"; };
		DC90FD132B13D6E6008B2412 /* Place.swift */ = {isa = PBXFileReference; lastKnownFileType = sourcecode.swift; path = Place.swift; sourceTree = "<group>"; };
		DC90FD152B13D736008B2412 /* MKMarkerAnnotationViewRepresentable.swift */ = {isa = PBXFileReference; lastKnownFileType = sourcecode.swift; path = MKMarkerAnnotationViewRepresentable.swift; sourceTree = "<group>"; };
		DC90FD172B13D76C008B2412 /* OnMapTapGesture.swift */ = {isa = PBXFileReference; lastKnownFileType = sourcecode.swift; path = OnMapTapGesture.swift; sourceTree = "<group>"; };
		DC90FD192B13D78F008B2412 /* ObservableLocationManager.swift */ = {isa = PBXFileReference; lastKnownFileType = sourcecode.swift; path = ObservableLocationManager.swift; sourceTree = "<group>"; };
		DC90FD1B2B13D84D008B2412 /* MapIOS17.swift */ = {isa = PBXFileReference; lastKnownFileType = sourcecode.swift; path = MapIOS17.swift; sourceTree = "<group>"; };
		DCD962192B0D758B00DC9761 /* MapSandbox.app */ = {isa = PBXFileReference; explicitFileType = wrapper.application; includeInIndex = 0; path = MapSandbox.app; sourceTree = BUILT_PRODUCTS_DIR; };
		DCD9621C2B0D758B00DC9761 /* MapSandboxApp.swift */ = {isa = PBXFileReference; lastKnownFileType = sourcecode.swift; path = MapSandboxApp.swift; sourceTree = "<group>"; };
		DCD9621E2B0D758B00DC9761 /* ContentView.swift */ = {isa = PBXFileReference; lastKnownFileType = sourcecode.swift; path = ContentView.swift; sourceTree = "<group>"; };
		DCD962202B0D758E00DC9761 /* Assets.xcassets */ = {isa = PBXFileReference; lastKnownFileType = folder.assetcatalog; path = Assets.xcassets; sourceTree = "<group>"; };
		DCD962232B0D758E00DC9761 /* Preview Assets.xcassets */ = {isa = PBXFileReference; lastKnownFileType = folder.assetcatalog; path = "Preview Assets.xcassets"; sourceTree = "<group>"; };
		DCD9622A2B0D8F9C00DC9761 /* File.swift */ = {isa = PBXFileReference; lastKnownFileType = sourcecode.swift; path = File.swift; sourceTree = "<group>"; };
		DCD9622C2B0D91A300DC9761 /* Clusterable.swift */ = {isa = PBXFileReference; lastKnownFileType = sourcecode.swift; path = Clusterable.swift; sourceTree = "<group>"; };
/* End PBXFileReference section */

/* Begin PBXFrameworksBuildPhase section */
		DCD962162B0D758B00DC9761 /* Frameworks */ = {
			isa = PBXFrameworksBuildPhase;
			buildActionMask = 2147483647;
			files = (
			);
			runOnlyForDeploymentPostprocessing = 0;
		};
/* End PBXFrameworksBuildPhase section */

/* Begin PBXGroup section */
		DCD962102B0D758B00DC9761 = {
			isa = PBXGroup;
			children = (
				DCD9621B2B0D758B00DC9761 /* MapSandbox */,
				DCD9621A2B0D758B00DC9761 /* Products */,
			);
			sourceTree = "<group>";
		};
		DCD9621A2B0D758B00DC9761 /* Products */ = {
			isa = PBXGroup;
			children = (
				DCD962192B0D758B00DC9761 /* MapSandbox.app */,
			);
			name = Products;
			sourceTree = "<group>";
		};
		DCD9621B2B0D758B00DC9761 /* MapSandbox */ = {
			isa = PBXGroup;
			children = (
				DCD9621C2B0D758B00DC9761 /* MapSandboxApp.swift */,
				DCD9621E2B0D758B00DC9761 /* ContentView.swift */,
				DC90FD192B13D78F008B2412 /* ObservableLocationManager.swift */,
				DC90FD172B13D76C008B2412 /* OnMapTapGesture.swift */,
				DC90FD152B13D736008B2412 /* MKMarkerAnnotationViewRepresentable.swift */,
				DC90FD132B13D6E6008B2412 /* Place.swift */,
				DC90FD1B2B13D84D008B2412 /* MapIOS17.swift */,
				27CDF1DE2B0E9D64006E57C1 /* Backwards.swift */,
				DCD9622C2B0D91A300DC9761 /* Clusterable.swift */,
				DCD9622A2B0D8F9C00DC9761 /* File.swift */,
				DCD962202B0D758E00DC9761 /* Assets.xcassets */,
				DCD962222B0D758E00DC9761 /* Preview Content */,
			);
			path = MapSandbox;
			sourceTree = "<group>";
		};
		DCD962222B0D758E00DC9761 /* Preview Content */ = {
			isa = PBXGroup;
			children = (
				DCD962232B0D758E00DC9761 /* Preview Assets.xcassets */,
			);
			path = "Preview Content";
			sourceTree = "<group>";
		};
/* End PBXGroup section */

/* Begin PBXNativeTarget section */
		DCD962182B0D758B00DC9761 /* MapSandbox */ = {
			isa = PBXNativeTarget;
			buildConfigurationList = DCD962272B0D758E00DC9761 /* Build configuration list for PBXNativeTarget "MapSandbox" */;
			buildPhases = (
				DCD962152B0D758B00DC9761 /* Sources */,
				DCD962162B0D758B00DC9761 /* Frameworks */,
				DCD962172B0D758B00DC9761 /* Resources */,
			);
			buildRules = (
			);
			dependencies = (
			);
			name = MapSandbox;
			productName = MapSandbox;
			productReference = DCD962192B0D758B00DC9761 /* MapSandbox.app */;
			productType = "com.apple.product-type.application";
		};
/* End PBXNativeTarget section */

/* Begin PBXProject section */
		DCD962112B0D758B00DC9761 /* Project object */ = {
			isa = PBXProject;
			attributes = {
				BuildIndependentTargetsInParallel = 1;
				LastSwiftUpdateCheck = 1500;
				LastUpgradeCheck = 1500;
				TargetAttributes = {
					DCD962182B0D758B00DC9761 = {
						CreatedOnToolsVersion = 15.0.1;
					};
				};
			};
			buildConfigurationList = DCD962142B0D758B00DC9761 /* Build configuration list for PBXProject "MapSandbox" */;
			compatibilityVersion = "Xcode 14.0";
			developmentRegion = en;
			hasScannedForEncodings = 0;
			knownRegions = (
				en,
				Base,
			);
			mainGroup = DCD962102B0D758B00DC9761;
			productRefGroup = DCD9621A2B0D758B00DC9761 /* Products */;
			projectDirPath = "";
			projectRoot = "";
			targets = (
				DCD962182B0D758B00DC9761 /* MapSandbox */,
			);
		};
/* End PBXProject section */

/* Begin PBXResourcesBuildPhase section */
		DCD962172B0D758B00DC9761 /* Resources */ = {
			isa = PBXResourcesBuildPhase;
			buildActionMask = 2147483647;
			files = (
				DCD962242B0D758E00DC9761 /* Preview Assets.xcassets in Resources */,
				DCD962212B0D758E00DC9761 /* Assets.xcassets in Resources */,
			);
			runOnlyForDeploymentPostprocessing = 0;
		};
/* End PBXResourcesBuildPhase section */

/* Begin PBXSourcesBuildPhase section */
		DCD962152B0D758B00DC9761 /* Sources */ = {
			isa = PBXSourcesBuildPhase;
			buildActionMask = 2147483647;
			files = (
				DC90FD1C2B13D84D008B2412 /* MapIOS17.swift in Sources */,
				DCD9621F2B0D758B00DC9761 /* ContentView.swift in Sources */,
				DC90FD1A2B13D78F008B2412 /* ObservableLocationManager.swift in Sources */,
				DCD9622B2B0D8F9C00DC9761 /* File.swift in Sources */,
				DCD9622D2B0D91A300DC9761 /* Clusterable.swift in Sources */,
				DC90FD142B13D6E6008B2412 /* Place.swift in Sources */,
				DCD9621D2B0D758B00DC9761 /* MapSandboxApp.swift in Sources */,
				27CDF1DF2B0E9D64006E57C1 /* Backwards.swift in Sources */,
				DC90FD162B13D736008B2412 /* MKMarkerAnnotationViewRepresentable.swift in Sources */,
				DC90FD182B13D76C008B2412 /* OnMapTapGesture.swift in Sources */,
			);
			runOnlyForDeploymentPostprocessing = 0;
		};
/* End PBXSourcesBuildPhase section */

/* Begin XCBuildConfiguration section */
		DCD962252B0D758E00DC9761 /* Debug */ = {
			isa = XCBuildConfiguration;
			buildSettings = {
				ALWAYS_SEARCH_USER_PATHS = NO;
				ASSETCATALOG_COMPILER_GENERATE_SWIFT_ASSET_SYMBOL_EXTENSIONS = YES;
				CLANG_ANALYZER_NONNULL = YES;
				CLANG_ANALYZER_NUMBER_OBJECT_CONVERSION = YES_AGGRESSIVE;
				CLANG_CXX_LANGUAGE_STANDARD = "gnu++20";
				CLANG_ENABLE_MODULES = YES;
				CLANG_ENABLE_OBJC_ARC = YES;
				CLANG_ENABLE_OBJC_WEAK = YES;
				CLANG_WARN_BLOCK_CAPTURE_AUTORELEASING = YES;
				CLANG_WARN_BOOL_CONVERSION = YES;
				CLANG_WARN_COMMA = YES;
				CLANG_WARN_CONSTANT_CONVERSION = YES;
				CLANG_WARN_DEPRECATED_OBJC_IMPLEMENTATIONS = YES;
				CLANG_WARN_DIRECT_OBJC_ISA_USAGE = YES_ERROR;
				CLANG_WARN_DOCUMENTATION_COMMENTS = YES;
				CLANG_WARN_EMPTY_BODY = YES;
				CLANG_WARN_ENUM_CONVERSION = YES;
				CLANG_WARN_INFINITE_RECURSION = YES;
				CLANG_WARN_INT_CONVERSION = YES;
				CLANG_WARN_NON_LITERAL_NULL_CONVERSION = YES;
				CLANG_WARN_OBJC_IMPLICIT_RETAIN_SELF = YES;
				CLANG_WARN_OBJC_LITERAL_CONVERSION = YES;
				CLANG_WARN_OBJC_ROOT_CLASS = YES_ERROR;
				CLANG_WARN_QUOTED_INCLUDE_IN_FRAMEWORK_HEADER = YES;
				CLANG_WARN_RANGE_LOOP_ANALYSIS = YES;
				CLANG_WARN_STRICT_PROTOTYPES = YES;
				CLANG_WARN_SUSPICIOUS_MOVE = YES;
				CLANG_WARN_UNGUARDED_AVAILABILITY = YES_AGGRESSIVE;
				CLANG_WARN_UNREACHABLE_CODE = YES;
				CLANG_WARN__DUPLICATE_METHOD_MATCH = YES;
				COPY_PHASE_STRIP = NO;
				DEBUG_INFORMATION_FORMAT = dwarf;
				ENABLE_STRICT_OBJC_MSGSEND = YES;
				ENABLE_TESTABILITY = YES;
				ENABLE_USER_SCRIPT_SANDBOXING = YES;
				GCC_C_LANGUAGE_STANDARD = gnu17;
				GCC_DYNAMIC_NO_PIC = NO;
				GCC_NO_COMMON_BLOCKS = YES;
				GCC_OPTIMIZATION_LEVEL = 0;
				GCC_PREPROCESSOR_DEFINITIONS = (
					"DEBUG=1",
					"$(inherited)",
				);
				GCC_WARN_64_TO_32_BIT_CONVERSION = YES;
				GCC_WARN_ABOUT_RETURN_TYPE = YES_ERROR;
				GCC_WARN_UNDECLARED_SELECTOR = YES;
				GCC_WARN_UNINITIALIZED_AUTOS = YES_AGGRESSIVE;
				GCC_WARN_UNUSED_FUNCTION = YES;
				GCC_WARN_UNUSED_VARIABLE = YES;
				IPHONEOS_DEPLOYMENT_TARGET = 17.0;
				LOCALIZATION_PREFERS_STRING_CATALOGS = YES;
				MTL_ENABLE_DEBUG_INFO = INCLUDE_SOURCE;
				MTL_FAST_MATH = YES;
				ONLY_ACTIVE_ARCH = YES;
				SDKROOT = iphoneos;
				SWIFT_ACTIVE_COMPILATION_CONDITIONS = "DEBUG $(inherited)";
				SWIFT_OPTIMIZATION_LEVEL = "-Onone";
			};
			name = Debug;
		};
		DCD962262B0D758E00DC9761 /* Release */ = {
			isa = XCBuildConfiguration;
			buildSettings = {
				ALWAYS_SEARCH_USER_PATHS = NO;
				ASSETCATALOG_COMPILER_GENERATE_SWIFT_ASSET_SYMBOL_EXTENSIONS = YES;
				CLANG_ANALYZER_NONNULL = YES;
				CLANG_ANALYZER_NUMBER_OBJECT_CONVERSION = YES_AGGRESSIVE;
				CLANG_CXX_LANGUAGE_STANDARD = "gnu++20";
				CLANG_ENABLE_MODULES = YES;
				CLANG_ENABLE_OBJC_ARC = YES;
				CLANG_ENABLE_OBJC_WEAK = YES;
				CLANG_WARN_BLOCK_CAPTURE_AUTORELEASING = YES;
				CLANG_WARN_BOOL_CONVERSION = YES;
				CLANG_WARN_COMMA = YES;
				CLANG_WARN_CONSTANT_CONVERSION = YES;
				CLANG_WARN_DEPRECATED_OBJC_IMPLEMENTATIONS = YES;
				CLANG_WARN_DIRECT_OBJC_ISA_USAGE = YES_ERROR;
				CLANG_WARN_DOCUMENTATION_COMMENTS = YES;
				CLANG_WARN_EMPTY_BODY = YES;
				CLANG_WARN_ENUM_CONVERSION = YES;
				CLANG_WARN_INFINITE_RECURSION = YES;
				CLANG_WARN_INT_CONVERSION = YES;
				CLANG_WARN_NON_LITERAL_NULL_CONVERSION = YES;
				CLANG_WARN_OBJC_IMPLICIT_RETAIN_SELF = YES;
				CLANG_WARN_OBJC_LITERAL_CONVERSION = YES;
				CLANG_WARN_OBJC_ROOT_CLASS = YES_ERROR;
				CLANG_WARN_QUOTED_INCLUDE_IN_FRAMEWORK_HEADER = YES;
				CLANG_WARN_RANGE_LOOP_ANALYSIS = YES;
				CLANG_WARN_STRICT_PROTOTYPES = YES;
				CLANG_WARN_SUSPICIOUS_MOVE = YES;
				CLANG_WARN_UNGUARDED_AVAILABILITY = YES_AGGRESSIVE;
				CLANG_WARN_UNREACHABLE_CODE = YES;
				CLANG_WARN__DUPLICATE_METHOD_MATCH = YES;
				COPY_PHASE_STRIP = NO;
				DEBUG_INFORMATION_FORMAT = "dwarf-with-dsym";
				ENABLE_NS_ASSERTIONS = NO;
				ENABLE_STRICT_OBJC_MSGSEND = YES;
				ENABLE_USER_SCRIPT_SANDBOXING = YES;
				GCC_C_LANGUAGE_STANDARD = gnu17;
				GCC_NO_COMMON_BLOCKS = YES;
				GCC_WARN_64_TO_32_BIT_CONVERSION = YES;
				GCC_WARN_ABOUT_RETURN_TYPE = YES_ERROR;
				GCC_WARN_UNDECLARED_SELECTOR = YES;
				GCC_WARN_UNINITIALIZED_AUTOS = YES_AGGRESSIVE;
				GCC_WARN_UNUSED_FUNCTION = YES;
				GCC_WARN_UNUSED_VARIABLE = YES;
				IPHONEOS_DEPLOYMENT_TARGET = 17.0;
				LOCALIZATION_PREFERS_STRING_CATALOGS = YES;
				MTL_ENABLE_DEBUG_INFO = NO;
				MTL_FAST_MATH = YES;
				SDKROOT = iphoneos;
				SWIFT_COMPILATION_MODE = wholemodule;
				VALIDATE_PRODUCT = YES;
			};
			name = Release;
		};
		DCD962282B0D758E00DC9761 /* Debug */ = {
			isa = XCBuildConfiguration;
			buildSettings = {
				ASSETCATALOG_COMPILER_APPICON_NAME = AppIcon;
				ASSETCATALOG_COMPILER_GLOBAL_ACCENT_COLOR_NAME = AccentColor;
				CODE_SIGN_STYLE = Automatic;
				CURRENT_PROJECT_VERSION = 1;
				DEVELOPMENT_ASSET_PATHS = "\"MapSandbox/Preview Content\"";
				DEVELOPMENT_TEAM = 2CU37X4Q76;
				ENABLE_PREVIEWS = YES;
				GENERATE_INFOPLIST_FILE = YES;
				INFOPLIST_KEY_NSLocationAlwaysUsageDescription = "Please ";
				INFOPLIST_KEY_NSLocationWhenInUseUsageDescription = "Please ";
				INFOPLIST_KEY_UIApplicationSceneManifest_Generation = YES;
				INFOPLIST_KEY_UIApplicationSupportsIndirectInputEvents = YES;
				INFOPLIST_KEY_UILaunchScreen_Generation = YES;
				INFOPLIST_KEY_UISupportedInterfaceOrientations_iPad = "UIInterfaceOrientationPortrait UIInterfaceOrientationPortraitUpsideDown UIInterfaceOrientationLandscapeLeft UIInterfaceOrientationLandscapeRight";
				INFOPLIST_KEY_UISupportedInterfaceOrientations_iPhone = "UIInterfaceOrientationPortrait UIInterfaceOrientationLandscapeLeft UIInterfaceOrientationLandscapeRight";
				IPHONEOS_DEPLOYMENT_TARGET = 16.0;
				LD_RUNPATH_SEARCH_PATHS = (
					"$(inherited)",
					"@executable_path/Frameworks",
				);
				MARKETING_VERSION = 1.0;
				PRODUCT_BUNDLE_IDENTIFIER = xyz.mateusrodrigues.MapSandbox;
				PRODUCT_NAME = "$(TARGET_NAME)";
				SWIFT_EMIT_LOC_STRINGS = YES;
				SWIFT_VERSION = 5.0;
				TARGETED_DEVICE_FAMILY = "1,2";
			};
			name = Debug;
		};
		DCD962292B0D758E00DC9761 /* Release */ = {
			isa = XCBuildConfiguration;
			buildSettings = {
				ASSETCATALOG_COMPILER_APPICON_NAME = AppIcon;
				ASSETCATALOG_COMPILER_GLOBAL_ACCENT_COLOR_NAME = AccentColor;
				CODE_SIGN_STYLE = Automatic;
				CURRENT_PROJECT_VERSION = 1;
				DEVELOPMENT_ASSET_PATHS = "\"MapSandbox/Preview Content\"";
				DEVELOPMENT_TEAM = 2CU37X4Q76;
				ENABLE_PREVIEWS = YES;
				GENERATE_INFOPLIST_FILE = YES;
				INFOPLIST_KEY_NSLocationAlwaysUsageDescription = "Please ";
				INFOPLIST_KEY_NSLocationWhenInUseUsageDescription = "Please ";
				INFOPLIST_KEY_UIApplicationSceneManifest_Generation = YES;
				INFOPLIST_KEY_UIApplicationSupportsIndirectInputEvents = YES;
				INFOPLIST_KEY_UILaunchScreen_Generation = YES;
				INFOPLIST_KEY_UISupportedInterfaceOrientations_iPad = "UIInterfaceOrientationPortrait UIInterfaceOrientationPortraitUpsideDown UIInterfaceOrientationLandscapeLeft UIInterfaceOrientationLandscapeRight";
				INFOPLIST_KEY_UISupportedInterfaceOrientations_iPhone = "UIInterfaceOrientationPortrait UIInterfaceOrientationLandscapeLeft UIInterfaceOrientationLandscapeRight";
				IPHONEOS_DEPLOYMENT_TARGET = 16.0;
				LD_RUNPATH_SEARCH_PATHS = (
					"$(inherited)",
					"@executable_path/Frameworks",
				);
				MARKETING_VERSION = 1.0;
				PRODUCT_BUNDLE_IDENTIFIER = xyz.mateusrodrigues.MapSandbox;
				PRODUCT_NAME = "$(TARGET_NAME)";
				SWIFT_EMIT_LOC_STRINGS = YES;
				SWIFT_VERSION = 5.0;
				TARGETED_DEVICE_FAMILY = "1,2";
			};
			name = Release;
		};
/* End XCBuildConfiguration section */

/* Begin XCConfigurationList section */
		DCD962142B0D758B00DC9761 /* Build configuration list for PBXProject "MapSandbox" */ = {
			isa = XCConfigurationList;
			buildConfigurations = (
				DCD962252B0D758E00DC9761 /* Debug */,
				DCD962262B0D758E00DC9761 /* Release */,
			);
			defaultConfigurationIsVisible = 0;
			defaultConfigurationName = Release;
		};
		DCD962272B0D758E00DC9761 /* Build configuration list for PBXNativeTarget "MapSandbox" */ = {
			isa = XCConfigurationList;
			buildConfigurations = (
				DCD962282B0D758E00DC9761 /* Debug */,
				DCD962292B0D758E00DC9761 /* Release */,
			);
			defaultConfigurationIsVisible = 0;
			defaultConfigurationName = Release;
		};
/* End XCConfigurationList section */
	};
	rootObject = DCD962112B0D758B00DC9761 /* Project object */;
}
